
Microsoft Visual Studio Solution File, Format Version 12.00
# Visual Studio Version 16
VisualStudioVersion = 16.0.30320.27
MinimumVisualStudioVersion = 10.0.40219.1
Project("{FAE04EC0-301F-11D3-BF4B-00C04F79EFBC}") = "Note Saving App.Android", "Note Saving App\Note Saving App.Android\Note Saving App.Android.csproj", "{6F758B65-8B1B-4F5A-88B4-F74FCF787CC6}"
EndProject
Project("{FAE04EC0-301F-11D3-BF4B-00C04F79EFBC}") = "Note Saving App.iOS", "Note Saving App\Note Saving App.iOS\Note Saving App.iOS.csproj", "{B839169F-BFBF-4D70-9124-A4A4826E4F79}"
EndProject
Project("{FAE04EC0-301F-11D3-BF4B-00C04F79EFBC}") = "Note Saving App", "Note Saving App\Note Saving App\Note Saving App.csproj", "{28814C84-BA0E-489C-BF3E-84FC918BCD6B}"
EndProject
Global
	GlobalSection(SolutionConfigurationPlatforms) = preSolution
		Debug|Any CPU = Debug|Any CPU
		Debug|iPhone = Debug|iPhone
		Debug|iPhoneSimulator = Debug|iPhoneSimulator
		Release|Any CPU = Release|Any CPU
		Release|iPhone = Release|iPhone
		Release|iPhoneSimulator = Release|iPhoneSimulator
	EndGlobalSection
	GlobalSection(ProjectConfigurationPlatforms) = postSolution
		{6F758B65-8B1B-4F5A-88B4-F74FCF787CC6}.Debug|Any CPU.ActiveCfg = Debug|Any CPU
		{6F758B65-8B1B-4F5A-88B4-F74FCF787CC6}.Debug|Any CPU.Build.0 = Debug|Any CPU
		{6F758B65-8B1B-4F5A-88B4-F74FCF787CC6}.Debug|Any CPU.Deploy.0 = Debug|Any CPU
		{6F758B65-8B1B-4F5A-88B4-F74FCF787CC6}.Debug|iPhone.ActiveCfg = Debug|Any CPU
		{6F758B65-8B1B-4F5A-88B4-F74FCF787CC6}.Debug|iPhone.Build.0 = Debug|Any CPU
		{6F758B65-8B1B-4F5A-88B4-F74FCF787CC6}.Debug|iPhone.Deploy.0 = Debug|Any CPU
		{6F758B65-8B1B-4F5A-88B4-F74FCF787CC6}.Debug|iPhoneSimulator.ActiveCfg = Debug|Any CPU
		{6F758B65-8B1B-4F5A-88B4-F74FCF787CC6}.Debug|iPhoneSimulator.Build.0 = Debug|Any CPU
		{6F758B65-8B1B-4F5A-88B4-F74FCF787CC6}.Debug|iPhoneSimulator.Deploy.0 = Debug|Any CPU
		{6F758B65-8B1B-4F5A-88B4-F74FCF787CC6}.Release|Any CPU.ActiveCfg = Release|Any CPU
		{6F758B65-8B1B-4F5A-88B4-F74FCF787CC6}.Release|Any CPU.Build.0 = Release|Any CPU
		{6F758B65-8B1B-4F5A-88B4-F74FCF787CC6}.Release|Any CPU.Deploy.0 = Release|Any CPU
		{6F758B65-8B1B-4F5A-88B4-F74FCF787CC6}.Release|iPhone.ActiveCfg = Release|Any CPU
		{6F758B65-8B1B-4F5A-88B4-F74FCF787CC6}.Release|iPhone.Build.0 = Release|Any CPU
		{6F758B65-8B1B-4F5A-88B4-F74FCF787CC6}.Release|iPhone.Deploy.0 = Release|Any CPU
		{6F758B65-8B1B-4F5A-88B4-F74FCF787CC6}.Release|iPhoneSimulator.ActiveCfg = Release|Any CPU
		{6F758B65-8B1B-4F5A-88B4-F74FCF787CC6}.Release|iPhoneSimulator.Build.0 = Release|Any CPU
		{6F758B65-8B1B-4F5A-88B4-F74FCF787CC6}.Release|iPhoneSimulator.Deploy.0 = Release|Any CPU
		{B839169F-BFBF-4D70-9124-A4A4826E4F79}.Debug|Any CPU.ActiveCfg = Debug|iPhone
		{B839169F-BFBF-4D70-9124-A4A4826E4F79}.Debug|Any CPU.Build.0 = Debug|iPhone
		{B839169F-BFBF-4D70-9124-A4A4826E4F79}.Debug|Any CPU.Deploy.0 = Debug|iPhone
		{B839169F-BFBF-4D70-9124-A4A4826E4F79}.Debug|iPhone.ActiveCfg = Debug|iPhone
		{B839169F-BFBF-4D70-9124-A4A4826E4F79}.Debug|iPhone.Build.0 = Debug|iPhone
		{B839169F-BFBF-4D70-9124-A4A4826E4F79}.Debug|iPhone.Deploy.0 = Debug|iPhone
		{B839169F-BFBF-4D70-9124-A4A4826E4F79}.Debug|iPhoneSimulator.ActiveCfg = Debug|iPhoneSimulator
		{B839169F-BFBF-4D70-9124-A4A4826E4F79}.Debug|iPhoneSimulator.Build.0 = Debug|iPhoneSimulator
		{B839169F-BFBF-4D70-9124-A4A4826E4F79}.Debug|iPhoneSimulator.Deploy.0 = Debug|iPhoneSimulator
		{B839169F-BFBF-4D70-9124-A4A4826E4F79}.Release|Any CPU.ActiveCfg = Release|iPhone
		{B839169F-BFBF-4D70-9124-A4A4826E4F79}.Release|Any CPU.Build.0 = Release|iPhone
		{B839169F-BFBF-4D70-9124-A4A4826E4F79}.Release|Any CPU.Deploy.0 = Release|iPhone
		{B839169F-BFBF-4D70-9124-A4A4826E4F79}.Release|iPhone.ActiveCfg = Release|iPhone
		{B839169F-BFBF-4D70-9124-A4A4826E4F79}.Release|iPhone.Build.0 = Release|iPhone
		{B839169F-BFBF-4D70-9124-A4A4826E4F79}.Release|iPhone.Deploy.0 = Release|iPhone
		{B839169F-BFBF-4D70-9124-A4A4826E4F79}.Release|iPhoneSimulator.ActiveCfg = Release|iPhoneSimulator
		{B839169F-BFBF-4D70-9124-A4A4826E4F79}.Release|iPhoneSimulator.Build.0 = Release|iPhoneSimulator
		{B839169F-BFBF-4D70-9124-A4A4826E4F79}.Release|iPhoneSimulator.Deploy.0 = Release|iPhoneSimulator
		{28814C84-BA0E-489C-BF3E-84FC918BCD6B}.Debug|Any CPU.ActiveCfg = Debug|Any CPU
		{28814C84-BA0E-489C-BF3E-84FC918BCD6B}.Debug|Any CPU.Build.0 = Debug|Any CPU
		{28814C84-BA0E-489C-BF3E-84FC918BCD6B}.Debug|Any CPU.Deploy.0 = Debug|Any CPU
		{28814C84-BA0E-489C-BF3E-84FC918BCD6B}.Debug|iPhone.ActiveCfg = Debug|Any CPU
		{28814C84-BA0E-489C-BF3E-84FC918BCD6B}.Debug|iPhone.Build.0 = Debug|Any CPU
		{28814C84-BA0E-489C-BF3E-84FC918BCD6B}.Debug|iPhone.Deploy.0 = Debug|Any CPU
		{28814C84-BA0E-489C-BF3E-84FC918BCD6B}.Debug|iPhoneSimulator.ActiveCfg = Debug|Any CPU
		{28814C84-BA0E-489C-BF3E-84FC918BCD6B}.Debug|iPhoneSimulator.Build.0 = Debug|Any CPU
		{28814C84-BA0E-489C-BF3E-84FC918BCD6B}.Debug|iPhoneSimulator.Deploy.0 = Debug|Any CPU
		{28814C84-BA0E-489C-BF3E-84FC918BCD6B}.Release|Any CPU.ActiveCfg = Release|Any CPU
		{28814C84-BA0E-489C-BF3E-84FC918BCD6B}.Release|Any CPU.Build.0 = Release|Any CPU
		{28814C84-BA0E-489C-BF3E-84FC918BCD6B}.Release|Any CPU.Deploy.0 = Release|Any CPU
		{28814C84-BA0E-489C-BF3E-84FC918BCD6B}.Release|iPhone.ActiveCfg = Release|Any CPU
		{28814C84-BA0E-489C-BF3E-84FC918BCD6B}.Release|iPhone.Build.0 = Release|Any CPU
		{28814C84-BA0E-489C-BF3E-84FC918BCD6B}.Release|iPhone.Deploy.0 = Release|Any CPU
		{28814C84-BA0E-489C-BF3E-84FC918BCD6B}.Release|iPhoneSimulator.ActiveCfg = Release|Any CPU
		{28814C84-BA0E-489C-BF3E-84FC918BCD6B}.Release|iPhoneSimulator.Build.0 = Release|Any CPU
		{28814C84-BA0E-489C-BF3E-84FC918BCD6B}.Release|iPhoneSimulator.Deploy.0 = Release|Any CPU
	EndGlobalSection
	GlobalSection(SolutionProperties) = preSolution
		HideSolutionNode = FALSE
	EndGlobalSection
	GlobalSection(ExtensibilityGlobals) = postSolution
		SolutionGuid = {292CE8E3-9EDB-4292-B46C-DEF3DA799C14}
	EndGlobalSection
EndGlobal
